
Microsoft Visual Studio Solution File, Format Version 11.00
# Visual Studio 2010
Project("{FAE04EC0-301F-11D3-BF4B-00C04F79EFBC}") = "Blast", "Blast\Blast.csproj", "{D59247C7-1CA0-45A7-9612-13406AE4514B}"
EndProject
Project("{FAE04EC0-301F-11D3-BF4B-00C04F79EFBC}") = "BlastTest", "BlastTest\BlastTest.csproj", "{A58563A6-8028-491F-8EA7-C3C6D3DC52C9}"
EndProject
Project("{2150E333-8FDC-42A3-9474-1A3956D46DE8}") = "Solution Items", "Solution Items", "{6B60CE23-5C0B-44A7-93F9-E172B175E21C}"
	ProjectSection(SolutionItems) = preProject
		Blast.vsmdi = Blast.vsmdi
		Local.testsettings = Local.testsettings
		TraceAndTestImpact.testsettings = TraceAndTestImpact.testsettings
	EndProjectSection
EndProject
Global
	GlobalSection(TestCaseManagementSettings) = postSolution
		CategoryFile = Blast.vsmdi
	EndGlobalSection
	GlobalSection(SolutionConfigurationPlatforms) = preSolution
		Debug|Any CPU = Debug|Any CPU
		Release|Any CPU = Release|Any CPU
	EndGlobalSection
	GlobalSection(ProjectConfigurationPlatforms) = postSolution
		{D59247C7-1CA0-45A7-9612-13406AE4514B}.Debug|Any CPU.ActiveCfg = Debug|Any CPU
		{D59247C7-1CA0-45A7-9612-13406AE4514B}.Debug|Any CPU.Build.0 = Debug|Any CPU
		{D59247C7-1CA0-45A7-9612-13406AE4514B}.Release|Any CPU.ActiveCfg = Release|Any CPU
		{D59247C7-1CA0-45A7-9612-13406AE4514B}.Release|Any CPU.Build.0 = Release|Any CPU
		{A58563A6-8028-491F-8EA7-C3C6D3DC52C9}.Debug|Any CPU.ActiveCfg = Debug|Any CPU
		{A58563A6-8028-491F-8EA7-C3C6D3DC52C9}.Debug|Any CPU.Build.0 = Debug|Any CPU
		{A58563A6-8028-491F-8EA7-C3C6D3DC52C9}.Release|Any CPU.ActiveCfg = Release|Any CPU
		{A58563A6-8028-491F-8EA7-C3C6D3DC52C9}.Release|Any CPU.Build.0 = Release|Any CPU
	EndGlobalSection
	GlobalSection(SolutionProperties) = preSolution
		HideSolutionNode = FALSE
	EndGlobalSection
EndGlobal
